{
  "name": "finetune-gpt3-for-code",
  "version": "1.0.0",
  "lockfileVersion": 3,
  "requires": true,
  "packages": {
    "": {
      "name": "finetune-gpt3-for-code",
      "version": "1.0.0",
      "license": "MIT",
      "dependencies": {
        "csv-parse": "^5.3.3",
        "dotenv": "^16.0.3